
Microsoft Visual Studio Solution File, Format Version 12.00
# Visual Studio Version 16
VisualStudioVersion = 16.0.30114.105
MinimumVisualStudioVersion = 10.0.40219.1
Project("{FAE04EC0-301F-11D3-BF4B-00C04F79EFBC}") = "dapper.testconsole", "dapper.testconsole\dapper.testconsole.csproj", "{D794E774-D399-45D7-8620-47022B02FDCA}"
EndProject
Project("{FAE04EC0-301F-11D3-BF4B-00C04F79EFBC}") = "dapper.unitofwork", "dapper.unitofwork\dapper.unitofwork.csproj", "{A158F076-8E1D-49C2-A4A1-CD1A06D96A1D}"
EndProject
Global
	GlobalSection(SolutionConfigurationPlatforms) = preSolution
		Debug|Any CPU = Debug|Any CPU
		Release|Any CPU = Release|Any CPU
	EndGlobalSection
	GlobalSection(SolutionProperties) = preSolution
		HideSolutionNode = FALSE
	EndGlobalSection
	GlobalSection(ProjectConfigurationPlatforms) = postSolution
		{D794E774-D399-45D7-8620-47022B02FDCA}.Debug|Any CPU.ActiveCfg = Debug|Any CPU
		{D794E774-D399-45D7-8620-47022B02FDCA}.Debug|Any CPU.Build.0 = Debug|Any CPU
		{D794E774-D399-45D7-8620-47022B02FDCA}.Release|Any CPU.ActiveCfg = Release|Any CPU
		{D794E774-D399-45D7-8620-47022B02FDCA}.Release|Any CPU.Build.0 = Release|Any CPU
		{A158F076-8E1D-49C2-A4A1-CD1A06D96A1D}.Debug|Any CPU.ActiveCfg = Debug|Any CPU
		{A158F076-8E1D-49C2-A4A1-CD1A06D96A1D}.Debug|Any CPU.Build.0 = Debug|Any CPU
		{A158F076-8E1D-49C2-A4A1-CD1A06D96A1D}.Release|Any CPU.ActiveCfg = Release|Any CPU
		{A158F076-8E1D-49C2-A4A1-CD1A06D96A1D}.Release|Any CPU.Build.0 = Release|Any CPU
	EndGlobalSection
EndGlobal
